
Microsoft Visual Studio Solution File, Format Version 12.00
# Visual Studio Version 16
VisualStudioVersion = 16.0.31205.134
MinimumVisualStudioVersion = 10.0.40219.1
Project("{FAE04EC0-301F-11D3-BF4B-00C04F79EFBC}") = "HangFire.Web", "HangFire.Web\HangFire.Web.csproj", "{F601D3E2-63B2-4DAD-A62B-7AAECC87BE73}"
EndProject
Global
	GlobalSection(SolutionConfigurationPlatforms) = preSolution
		Debug|Any CPU = Debug|Any CPU
		Release|Any CPU = Release|Any CPU
	EndGlobalSection
	GlobalSection(ProjectConfigurationPlatforms) = postSolution
		{F601D3E2-63B2-4DAD-A62B-7AAECC87BE73}.Debug|Any CPU.ActiveCfg = Debug|Any CPU
		{F601D3E2-63B2-4DAD-A62B-7AAECC87BE73}.Debug|Any CPU.Build.0 = Debug|Any CPU
		{F601D3E2-63B2-4DAD-A62B-7AAECC87BE73}.Release|Any CPU.ActiveCfg = Release|Any CPU
		{F601D3E2-63B2-4DAD-A62B-7AAECC87BE73}.Release|Any CPU.Build.0 = Release|Any CPU
	EndGlobalSection
	GlobalSection(SolutionProperties) = preSolution
		HideSolutionNode = FALSE
	EndGlobalSection
	GlobalSection(ExtensibilityGlobals) = postSolution
		SolutionGuid = {F3533CD9-1BA4-471C-931B-BA1D0A9DF674}
	EndGlobalSection
EndGlobal
